
Microsoft Visual Studio Solution File, Format Version 12.00
# Visual Studio 15
VisualStudioVersion = 15.0.26228.12
MinimumVisualStudioVersion = 10.0.40219.1
Project("{2150E333-8FDC-42A3-9474-1A3956D46DE8}") = "Solution Items", "Solution Items", "{3505ECD0-1E4D-4C6C-A0A2-6E7D9A2154E7}"
	ProjectSection(SolutionItems) = preProject
		codetest_combat.xml = codetest_combat.xml
		codetest_crime.xml = codetest_crime.xml
		codetest_cycle.xml = codetest_cycle.xml
		codetest_dialog.xml = codetest_dialog.xml
		codetest_expression.xml = codetest_expression.xml
		codetest_fetchlinks.xml = codetest_fetchlinks.xml
		codetest_fusebox.xml = codetest_fusebox.xml
		codetest_ifcondition.xml = codetest_ifcondition.xml
		codetest_ifelsecondition.xml = codetest_ifelsecondition.xml
		codetest_linknetwork.xml = codetest_linknetwork.xml
		codetest_messages.xml = codetest_messages.xml
		codetest_numoperation.xml = codetest_numoperation.xml
		codetest_parallel.xml = codetest_parallel.xml
		codetest_perception.xml = codetest_perception.xml
		codetest_pickup.xml = codetest_pickup.xml
		codetest_quest.xml = codetest_quest.xml
		codetest_synch.xml = codetest_synch.xml
		codetest_variables.xml = codetest_variables.xml
		codetest_varoperation.xml = codetest_varoperation.xml
		codetest_while.xml = codetest_while.xml
		corridortest_new.xml = corridortest_new.xml
		..\..\Libs\Config\defaultProfile.xml = ..\..\Libs\Config\defaultProfile.xml
		..\..\..\Tests\helpers\FeatureTests.xsd = ..\..\..\Tests\helpers\FeatureTests.xsd
		horse.xml = horse.xml
		krabickyTest.xml = krabickyTest.xml
		player.xml = player.xml
		PlayerMovement.xml = PlayerMovement.xml
		playerVsEnvironment.xml = playerVsEnvironment.xml
		sample_shaders.xml = sample_shaders.xml
		saveLoad.xml = saveLoad.xml
		test_navigation.xml = test_navigation.xml
		..\..\..\Tests\tools\TestFramework\TestSettings.xml = ..\..\..\Tests\tools\TestFramework\TestSettings.xml
	EndProjectSection
EndProject
Global
	GlobalSection(SolutionProperties) = preSolution
		HideSolutionNode = FALSE
	EndGlobalSection
EndGlobal
